
Microsoft Visual Studio Solution File, Format Version 12.00
# Visual Studio Version 17
VisualStudioVersion = 17.11.35303.130
MinimumVisualStudioVersion = 10.0.40219.1
Project("{FAE04EC0-301F-11D3-BF4B-00C04F79EFBC}") = "AutoGarage.API", "AutoGarage.API\AutoGarage.API.csproj", "{5B0660B0-DC8E-462D-8778-C81E47096AB8}"
EndProject
Global
	GlobalSection(SolutionConfigurationPlatforms) = preSolution
		Debug|Any CPU = Debug|Any CPU
		Release|Any CPU = Release|Any CPU
	EndGlobalSection
	GlobalSection(ProjectConfigurationPlatforms) = postSolution
		{5B0660B0-DC8E-462D-8778-C81E47096AB8}.Debug|Any CPU.ActiveCfg = Debug|Any CPU
		{5B0660B0-DC8E-462D-8778-C81E47096AB8}.Debug|Any CPU.Build.0 = Debug|Any CPU
		{5B0660B0-DC8E-462D-8778-C81E47096AB8}.Release|Any CPU.ActiveCfg = Release|Any CPU
		{5B0660B0-DC8E-462D-8778-C81E47096AB8}.Release|Any CPU.Build.0 = Release|Any CPU
	EndGlobalSection
	GlobalSection(SolutionProperties) = preSolution
		HideSolutionNode = FALSE
	EndGlobalSection
	GlobalSection(ExtensibilityGlobals) = postSolution
		SolutionGuid = {3566F31C-9254-4D9F-9E84-2D9BCEC3EE7F}
	EndGlobalSection
EndGlobal
